# Code generated by scarb DO NOT EDIT.
version = 1

[[package]]
name = "openzeppelin_access"
version = "0.18.0"
source = "registry+https://scarbs.xyz/"
checksum = "sha256:424314072ae27d5b6f4264472a5c403711448ea62763a661b89e6ff5f23297fd"
dependencies = [
 "openzeppelin_introspection",
 "openzeppelin_utils",
]

[[package]]
name = "openzeppelin_introspection"
version = "0.18.0"
source = "registry+https://scarbs.xyz/"
checksum = "sha256:46c4cc6c95c9baa4c7d5cc0ed2bdaf334f46c25a8c92b3012829fff936e3042b"

[[package]]
name = "openzeppelin_upgrades"
version = "0.18.0"
source = "registry+https://scarbs.xyz/"
checksum = "sha256:33c9d0865364fc18a5e7b471fe53c3b0f3e0aec56a94f435089638fad2a4a35b"

[[package]]
name = "openzeppelin_utils"
version = "0.18.0"
source = "registry+https://scarbs.xyz/"
checksum = "sha256:725b212839f3eddc32791408609099c5e808c167ca0cf331d8c1d778b07a4e21"

[[package]]
name = "snforge_scarb_plugin"
version = "0.38.3"
source = "registry+https://scarbs.xyz/"
checksum = "sha256:0cd914b547acd96b4cad99a78e95c0eda001d0c280da4969b2161e286079cf46"

[[package]]
name = "snforge_std"
version = "0.38.3"
source = "registry+https://scarbs.xyz/"
checksum = "sha256:d376526fbbe22535ad89ed630b11d6e209f22c50168de6c6430c0591c81c3174"
dependencies = [
 "snforge_scarb_plugin",
]

[[package]]
name = "unichain_contracts"
version = "0.1.0"
dependencies = [
 "openzeppelin_access",
 "openzeppelin_upgrades",
 "openzeppelin_utils",
 "snforge_std",
]
